
Microsoft Visual Studio Solution File, Format Version 12.00
# Visual Studio Version 17
VisualStudioVersion = 17.8.34525.116
MinimumVisualStudioVersion = 10.0.40219.1
Project("{8BC9CEB8-8B4A-11D0-8D11-00A0C91BC942}") = "'", "Morpion\Morpion.vcxproj", "{B6E4B841-078A-45C7-A799-CA8D72F4BE1B}"
EndProject
Project("{8BC9CEB8-8B4A-11D0-8D11-00A0C91BC942}") = "MorpionServeur", "MorpionServeur\MorpionServeur.vcxproj", "{0D296825-C0B8-4D1E-B193-F47770F01A34}"
EndProject
Global
	GlobalSection(SolutionConfigurationPlatforms) = preSolution
		Debug|x64 = Debug|x64
		Release|x64 = Release|x64
	EndGlobalSection
	GlobalSection(ProjectConfigurationPlatforms) = postSolution
		{B6E4B841-078A-45C7-A799-CA8D72F4BE1B}.Debug|x64.ActiveCfg = Debug|x64
		{B6E4B841-078A-45C7-A799-CA8D72F4BE1B}.Debug|x64.Build.0 = Debug|x64
		{B6E4B841-078A-45C7-A799-CA8D72F4BE1B}.Release|x64.ActiveCfg = Release|x64
		{B6E4B841-078A-45C7-A799-CA8D72F4BE1B}.Release|x64.Build.0 = Release|x64
		{0D296825-C0B8-4D1E-B193-F47770F01A34}.Debug|x64.ActiveCfg = Debug|x64
		{0D296825-C0B8-4D1E-B193-F47770F01A34}.Debug|x64.Build.0 = Debug|x64
		{0D296825-C0B8-4D1E-B193-F47770F01A34}.Release|x64.ActiveCfg = Release|x64
		{0D296825-C0B8-4D1E-B193-F47770F01A34}.Release|x64.Build.0 = Release|x64
	EndGlobalSection
	GlobalSection(SolutionProperties) = preSolution
		HideSolutionNode = FALSE
	EndGlobalSection
	GlobalSection(ExtensibilityGlobals) = postSolution
		SolutionGuid = {6A598105-4CB1-4E15-8849-845919613EC9}
	EndGlobalSection
EndGlobal
